
Microsoft Visual Studio Solution File, Format Version 12.00
# Visual Studio Version 17
VisualStudioVersion = 17.12.35707.178
MinimumVisualStudioVersion = 10.0.40219.1
Project("{FAE04EC0-301F-11D3-BF4B-00C04F79EFBC}") = "TLS.Core", "TLS.Lib\TLS.Core\TLS.Core.csproj", "{661A27DB-9E27-4F42-884E-B88FB127A030}"
EndProject
Project("{2150E333-8FDC-42A3-9474-1A3956D46DE8}") = "00.TLS.Lib", "00.TLS.Lib", "{F631BB37-CE6A-4761-8108-982C01D637F6}"
EndProject
Project("{2150E333-8FDC-42A3-9474-1A3956D46DE8}") = "01.TLS.BHL.Infra", "01.TLS.BHL.Infra", "{0A4C62BD-B2E5-4103-8CB5-8361D8959DCE}"
EndProject
Project("{FAE04EC0-301F-11D3-BF4B-00C04F79EFBC}") = "TLS.Core.Web", "TLS.Lib\TLS.Core.Web\TLS.Core.Web.csproj", "{2BC06952-651A-40F8-B059-5FE38FC04F2F}"
EndProject
Project("{FAE04EC0-301F-11D3-BF4B-00C04F79EFBC}") = "TLS.Lib.Exceptional", "TLS.Lib\TLS.Lib.Exceptional\TLS.Lib.Exceptional.csproj", "{196F2941-E8AA-4347-9383-3EE0B9FC2EFB}"
EndProject
Project("{FAE04EC0-301F-11D3-BF4B-00C04F79EFBC}") = "TLS.Lib.Logging.Elastic", "TLS.Lib\TLS.Lib.Logging.Elastic\TLS.Lib.Logging.Elastic.csproj", "{33EFAA8D-79DD-4D7F-AC64-DC32FC70E8BA}"
EndProject
Project("{FAE04EC0-301F-11D3-BF4B-00C04F79EFBC}") = "TLS.Lib.Serialization.Jil", "TLS.Lib\TLS.Lib.Serialization.Jil\TLS.Lib.Serialization.Jil.csproj", "{E27E02EB-A464-40B2-BA47-F9C67C604509}"
EndProject
Project("{FAE04EC0-301F-11D3-BF4B-00C04F79EFBC}") = "TLS.Lib.Serialization.Protobuf", "TLS.Lib\TLS.Lib.Serialization.Protobuf\TLS.Lib.Serialization.Protobuf.csproj", "{5C389BC9-0C1C-437A-A074-3BCA948264A3}"
EndProject
Project("{FAE04EC0-301F-11D3-BF4B-00C04F79EFBC}") = "TLS.Lib.Caching.RedisCache", "TLS.Lib\TLS.Lib.Caching.RedisCache\TLS.Lib.Caching.RedisCache.csproj", "{7D94795E-778F-41E4-A02A-A9B2E6C35FF3}"
EndProject
Project("{FAE04EC0-301F-11D3-BF4B-00C04F79EFBC}") = "TLS.Lib.Data.Sql", "TLS.Lib\TLS.Lib.Data.Sql\TLS.Lib.Data.Sql.csproj", "{B9F173D1-3687-40B9-B0BC-F3F3DDB3DBE6}"
EndProject
Project("{FAE04EC0-301F-11D3-BF4B-00C04F79EFBC}") = "TLS.Lib.DataProtection.Redis", "TLS.Lib\TLS.Lib.DataProtection.Redis\TLS.Lib.DataProtection.Redis.csproj", "{B51957E8-ED1C-4ABD-B8AB-C93B08D301F6}"
EndProject
Project("{FAE04EC0-301F-11D3-BF4B-00C04F79EFBC}") = "TLS.Lib.Messaging.RabbitMQ", "TLS.Lib\TLS.Lib.Messaging.RabbitMQ\TLS.Lib.Messaging.RabbitMQ.csproj", "{A6E34F74-DC14-41CA-A248-2D36E610DE2F}"
EndProject
Project("{FAE04EC0-301F-11D3-BF4B-00C04F79EFBC}") = "TLS.BHL.Infra.Data", "TLS.BHL\TLS.BHL.Infra.Data\TLS.BHL.Infra.Data.csproj", "{D0E04811-5856-4451-A07C-5B951E3403A3}"
EndProject
Project("{FAE04EC0-301F-11D3-BF4B-00C04F79EFBC}") = "TLS.BHL.Infra.App", "TLS.BHL\TLS.BHL.Infra.App\TLS.BHL.Infra.App.csproj", "{ABF2A968-1713-42B0-8C31-D6BA381BC455}"
EndProject
Project("{FAE04EC0-301F-11D3-BF4B-00C04F79EFBC}") = "TLS.BHL.Infra.Business", "TLS.BHL\TLS.BHL.Infra.Business\TLS.BHL.Infra.Business.csproj", "{F6323F19-6D95-4969-AADF-F0695C7870D4}"
EndProject
Project("{FAE04EC0-301F-11D3-BF4B-00C04F79EFBC}") = "TLS.BHL.Infra.Cache", "TLS.BHL\TLS.BHL.Infra.Cache\TLS.BHL.Infra.Cache.csproj", "{D9BFA7FE-18DA-4E0B-B349-15A4F2923C39}"
EndProject
Project("{2150E333-8FDC-42A3-9474-1A3956D46DE8}") = "02.TLS.BHL.Presentation", "02.TLS.BHL.Presentation", "{E6D2EBC0-2D04-4E5C-92CA-B237E336D019}"
EndProject
Project("{FAE04EC0-301F-11D3-BF4B-00C04F79EFBC}") = "TLS.BHL.Web.AdminHandlers", "TLS.BHL\TLS.BHL.Web.AdminHandlers\TLS.BHL.Web.AdminHandlers.csproj", "{33703754-692E-43E8-82B3-BEFBAC44E43B}"
EndProject
Project("{FAE04EC0-301F-11D3-BF4B-00C04F79EFBC}") = "TLS.BHL.Web.AdminApi", "TLS.BHL\TLS.BHL.Web.AdminApi\TLS.BHL.Web.AdminApi.csproj", "{C279A82E-6D19-4F2C-89C9-0CE9A9122833}"
EndProject
Global
	GlobalSection(SolutionConfigurationPlatforms) = preSolution
		Debug|Any CPU = Debug|Any CPU
		Release|Any CPU = Release|Any CPU
	EndGlobalSection
	GlobalSection(ProjectConfigurationPlatforms) = postSolution
		{661A27DB-9E27-4F42-884E-B88FB127A030}.Debug|Any CPU.ActiveCfg = Debug|Any CPU
		{661A27DB-9E27-4F42-884E-B88FB127A030}.Debug|Any CPU.Build.0 = Debug|Any CPU
		{661A27DB-9E27-4F42-884E-B88FB127A030}.Release|Any CPU.ActiveCfg = Release|Any CPU
		{661A27DB-9E27-4F42-884E-B88FB127A030}.Release|Any CPU.Build.0 = Release|Any CPU
		{2BC06952-651A-40F8-B059-5FE38FC04F2F}.Debug|Any CPU.ActiveCfg = Debug|Any CPU
		{2BC06952-651A-40F8-B059-5FE38FC04F2F}.Debug|Any CPU.Build.0 = Debug|Any CPU
		{2BC06952-651A-40F8-B059-5FE38FC04F2F}.Release|Any CPU.ActiveCfg = Release|Any CPU
		{2BC06952-651A-40F8-B059-5FE38FC04F2F}.Release|Any CPU.Build.0 = Release|Any CPU
		{196F2941-E8AA-4347-9383-3EE0B9FC2EFB}.Debug|Any CPU.ActiveCfg = Debug|Any CPU
		{196F2941-E8AA-4347-9383-3EE0B9FC2EFB}.Debug|Any CPU.Build.0 = Debug|Any CPU
		{196F2941-E8AA-4347-9383-3EE0B9FC2EFB}.Release|Any CPU.ActiveCfg = Release|Any CPU
		{196F2941-E8AA-4347-9383-3EE0B9FC2EFB}.Release|Any CPU.Build.0 = Release|Any CPU
		{33EFAA8D-79DD-4D7F-AC64-DC32FC70E8BA}.Debug|Any CPU.ActiveCfg = Debug|Any CPU
		{33EFAA8D-79DD-4D7F-AC64-DC32FC70E8BA}.Debug|Any CPU.Build.0 = Debug|Any CPU
		{33EFAA8D-79DD-4D7F-AC64-DC32FC70E8BA}.Release|Any CPU.ActiveCfg = Release|Any CPU
		{33EFAA8D-79DD-4D7F-AC64-DC32FC70E8BA}.Release|Any CPU.Build.0 = Release|Any CPU
		{E27E02EB-A464-40B2-BA47-F9C67C604509}.Debug|Any CPU.ActiveCfg = Debug|Any CPU
		{E27E02EB-A464-40B2-BA47-F9C67C604509}.Debug|Any CPU.Build.0 = Debug|Any CPU
		{E27E02EB-A464-40B2-BA47-F9C67C604509}.Release|Any CPU.ActiveCfg = Release|Any CPU
		{E27E02EB-A464-40B2-BA47-F9C67C604509}.Release|Any CPU.Build.0 = Release|Any CPU
		{5C389BC9-0C1C-437A-A074-3BCA948264A3}.Debug|Any CPU.ActiveCfg = Debug|Any CPU
		{5C389BC9-0C1C-437A-A074-3BCA948264A3}.Debug|Any CPU.Build.0 = Debug|Any CPU
		{5C389BC9-0C1C-437A-A074-3BCA948264A3}.Release|Any CPU.ActiveCfg = Release|Any CPU
		{5C389BC9-0C1C-437A-A074-3BCA948264A3}.Release|Any CPU.Build.0 = Release|Any CPU
		{7D94795E-778F-41E4-A02A-A9B2E6C35FF3}.Debug|Any CPU.ActiveCfg = Debug|Any CPU
		{7D94795E-778F-41E4-A02A-A9B2E6C35FF3}.Debug|Any CPU.Build.0 = Debug|Any CPU
		{7D94795E-778F-41E4-A02A-A9B2E6C35FF3}.Release|Any CPU.ActiveCfg = Release|Any CPU
		{7D94795E-778F-41E4-A02A-A9B2E6C35FF3}.Release|Any CPU.Build.0 = Release|Any CPU
		{B9F173D1-3687-40B9-B0BC-F3F3DDB3DBE6}.Debug|Any CPU.ActiveCfg = Debug|Any CPU
		{B9F173D1-3687-40B9-B0BC-F3F3DDB3DBE6}.Debug|Any CPU.Build.0 = Debug|Any CPU
		{B9F173D1-3687-40B9-B0BC-F3F3DDB3DBE6}.Release|Any CPU.ActiveCfg = Release|Any CPU
		{B9F173D1-3687-40B9-B0BC-F3F3DDB3DBE6}.Release|Any CPU.Build.0 = Release|Any CPU
		{B51957E8-ED1C-4ABD-B8AB-C93B08D301F6}.Debug|Any CPU.ActiveCfg = Debug|Any CPU
		{B51957E8-ED1C-4ABD-B8AB-C93B08D301F6}.Debug|Any CPU.Build.0 = Debug|Any CPU
		{B51957E8-ED1C-4ABD-B8AB-C93B08D301F6}.Release|Any CPU.ActiveCfg = Release|Any CPU
		{B51957E8-ED1C-4ABD-B8AB-C93B08D301F6}.Release|Any CPU.Build.0 = Release|Any CPU
		{A6E34F74-DC14-41CA-A248-2D36E610DE2F}.Debug|Any CPU.ActiveCfg = Debug|Any CPU
		{A6E34F74-DC14-41CA-A248-2D36E610DE2F}.Debug|Any CPU.Build.0 = Debug|Any CPU
		{A6E34F74-DC14-41CA-A248-2D36E610DE2F}.Release|Any CPU.ActiveCfg = Release|Any CPU
		{A6E34F74-DC14-41CA-A248-2D36E610DE2F}.Release|Any CPU.Build.0 = Release|Any CPU
		{D0E04811-5856-4451-A07C-5B951E3403A3}.Debug|Any CPU.ActiveCfg = Debug|Any CPU
		{D0E04811-5856-4451-A07C-5B951E3403A3}.Debug|Any CPU.Build.0 = Debug|Any CPU
		{D0E04811-5856-4451-A07C-5B951E3403A3}.Release|Any CPU.ActiveCfg = Release|Any CPU
		{D0E04811-5856-4451-A07C-5B951E3403A3}.Release|Any CPU.Build.0 = Release|Any CPU
		{ABF2A968-1713-42B0-8C31-D6BA381BC455}.Debug|Any CPU.ActiveCfg = Debug|Any CPU
		{ABF2A968-1713-42B0-8C31-D6BA381BC455}.Debug|Any CPU.Build.0 = Debug|Any CPU
		{ABF2A968-1713-42B0-8C31-D6BA381BC455}.Release|Any CPU.ActiveCfg = Release|Any CPU
		{ABF2A968-1713-42B0-8C31-D6BA381BC455}.Release|Any CPU.Build.0 = Release|Any CPU
		{F6323F19-6D95-4969-AADF-F0695C7870D4}.Debug|Any CPU.ActiveCfg = Debug|Any CPU
		{F6323F19-6D95-4969-AADF-F0695C7870D4}.Debug|Any CPU.Build.0 = Debug|Any CPU
		{F6323F19-6D95-4969-AADF-F0695C7870D4}.Release|Any CPU.ActiveCfg = Release|Any CPU
		{F6323F19-6D95-4969-AADF-F0695C7870D4}.Release|Any CPU.Build.0 = Release|Any CPU
		{D9BFA7FE-18DA-4E0B-B349-15A4F2923C39}.Debug|Any CPU.ActiveCfg = Debug|Any CPU
		{D9BFA7FE-18DA-4E0B-B349-15A4F2923C39}.Debug|Any CPU.Build.0 = Debug|Any CPU
		{D9BFA7FE-18DA-4E0B-B349-15A4F2923C39}.Release|Any CPU.ActiveCfg = Release|Any CPU
		{D9BFA7FE-18DA-4E0B-B349-15A4F2923C39}.Release|Any CPU.Build.0 = Release|Any CPU
		{33703754-692E-43E8-82B3-BEFBAC44E43B}.Debug|Any CPU.ActiveCfg = Debug|Any CPU
		{33703754-692E-43E8-82B3-BEFBAC44E43B}.Debug|Any CPU.Build.0 = Debug|Any CPU
		{33703754-692E-43E8-82B3-BEFBAC44E43B}.Release|Any CPU.ActiveCfg = Release|Any CPU
		{33703754-692E-43E8-82B3-BEFBAC44E43B}.Release|Any CPU.Build.0 = Release|Any CPU
		{C279A82E-6D19-4F2C-89C9-0CE9A9122833}.Debug|Any CPU.ActiveCfg = Debug|Any CPU
		{C279A82E-6D19-4F2C-89C9-0CE9A9122833}.Debug|Any CPU.Build.0 = Debug|Any CPU
		{C279A82E-6D19-4F2C-89C9-0CE9A9122833}.Release|Any CPU.ActiveCfg = Release|Any CPU
		{C279A82E-6D19-4F2C-89C9-0CE9A9122833}.Release|Any CPU.Build.0 = Release|Any CPU
	EndGlobalSection
	GlobalSection(SolutionProperties) = preSolution
		HideSolutionNode = FALSE
	EndGlobalSection
	GlobalSection(NestedProjects) = preSolution
		{661A27DB-9E27-4F42-884E-B88FB127A030} = {F631BB37-CE6A-4761-8108-982C01D637F6}
		{2BC06952-651A-40F8-B059-5FE38FC04F2F} = {F631BB37-CE6A-4761-8108-982C01D637F6}
		{196F2941-E8AA-4347-9383-3EE0B9FC2EFB} = {F631BB37-CE6A-4761-8108-982C01D637F6}
		{33EFAA8D-79DD-4D7F-AC64-DC32FC70E8BA} = {F631BB37-CE6A-4761-8108-982C01D637F6}
		{E27E02EB-A464-40B2-BA47-F9C67C604509} = {F631BB37-CE6A-4761-8108-982C01D637F6}
		{5C389BC9-0C1C-437A-A074-3BCA948264A3} = {F631BB37-CE6A-4761-8108-982C01D637F6}
		{7D94795E-778F-41E4-A02A-A9B2E6C35FF3} = {F631BB37-CE6A-4761-8108-982C01D637F6}
		{B9F173D1-3687-40B9-B0BC-F3F3DDB3DBE6} = {F631BB37-CE6A-4761-8108-982C01D637F6}
		{B51957E8-ED1C-4ABD-B8AB-C93B08D301F6} = {F631BB37-CE6A-4761-8108-982C01D637F6}
		{A6E34F74-DC14-41CA-A248-2D36E610DE2F} = {F631BB37-CE6A-4761-8108-982C01D637F6}
		{D0E04811-5856-4451-A07C-5B951E3403A3} = {0A4C62BD-B2E5-4103-8CB5-8361D8959DCE}
		{ABF2A968-1713-42B0-8C31-D6BA381BC455} = {0A4C62BD-B2E5-4103-8CB5-8361D8959DCE}
		{F6323F19-6D95-4969-AADF-F0695C7870D4} = {0A4C62BD-B2E5-4103-8CB5-8361D8959DCE}
		{D9BFA7FE-18DA-4E0B-B349-15A4F2923C39} = {0A4C62BD-B2E5-4103-8CB5-8361D8959DCE}
		{33703754-692E-43E8-82B3-BEFBAC44E43B} = {E6D2EBC0-2D04-4E5C-92CA-B237E336D019}
		{C279A82E-6D19-4F2C-89C9-0CE9A9122833} = {E6D2EBC0-2D04-4E5C-92CA-B237E336D019}
	EndGlobalSection
EndGlobal
